
Microsoft Visual Studio Solution File, Format Version 12.00
# Visual Studio 15
VisualStudioVersion = 15.0.27703.2047
MinimumVisualStudioVersion = 10.0.40219.1
Project("{FAE04EC0-301F-11D3-BF4B-00C04F79EFBC}") = "MathSquareOfSum", "MathSquareOfSum\MathSquareOfSum.csproj", "{31534E29-7390-4AA8-8460-AA6F2363FA78}"
EndProject
Global
	GlobalSection(SolutionConfigurationPlatforms) = preSolution
		Debug|Any CPU = Debug|Any CPU
		Release|Any CPU = Release|Any CPU
	EndGlobalSection
	GlobalSection(ProjectConfigurationPlatforms) = postSolution
		{31534E29-7390-4AA8-8460-AA6F2363FA78}.Debug|Any CPU.ActiveCfg = Debug|Any CPU
		{31534E29-7390-4AA8-8460-AA6F2363FA78}.Debug|Any CPU.Build.0 = Debug|Any CPU
		{31534E29-7390-4AA8-8460-AA6F2363FA78}.Release|Any CPU.ActiveCfg = Release|Any CPU
		{31534E29-7390-4AA8-8460-AA6F2363FA78}.Release|Any CPU.Build.0 = Release|Any CPU
	EndGlobalSection
	GlobalSection(SolutionProperties) = preSolution
		HideSolutionNode = FALSE
	EndGlobalSection
	GlobalSection(ExtensibilityGlobals) = postSolution
		SolutionGuid = {AF386F86-D47B-473A-9248-DEE9779EF35B}
	EndGlobalSection
EndGlobal
